
Microsoft Visual Studio Solution File, Format Version 12.00
# Visual Studio Version 17
VisualStudioVersion = 17.9.34728.123
MinimumVisualStudioVersion = 10.0.40219.1
Project("{FAE04EC0-301F-11D3-BF4B-00C04F79EFBC}") = "FizzBuzz Kata", "FizzBuzz Kata.csproj", "{CBB5C0B5-5718-4F80-B059-6DBB4CC29150}"
EndProject
Project("{FAE04EC0-301F-11D3-BF4B-00C04F79EFBC}") = "FizzBuzz Tests", "..\FizzBizz Tests\FizzBuzz Tests.csproj", "{D2C4BF9E-CD93-423E-8622-BB1F4B4244D6}"
EndProject
Global
	GlobalSection(SolutionConfigurationPlatforms) = preSolution
		Debug|Any CPU = Debug|Any CPU
		Release|Any CPU = Release|Any CPU
	EndGlobalSection
	GlobalSection(ProjectConfigurationPlatforms) = postSolution
		{CBB5C0B5-5718-4F80-B059-6DBB4CC29150}.Debug|Any CPU.ActiveCfg = Debug|Any CPU
		{CBB5C0B5-5718-4F80-B059-6DBB4CC29150}.Debug|Any CPU.Build.0 = Debug|Any CPU
		{CBB5C0B5-5718-4F80-B059-6DBB4CC29150}.Release|Any CPU.ActiveCfg = Release|Any CPU
		{CBB5C0B5-5718-4F80-B059-6DBB4CC29150}.Release|Any CPU.Build.0 = Release|Any CPU
		{D2C4BF9E-CD93-423E-8622-BB1F4B4244D6}.Debug|Any CPU.ActiveCfg = Debug|Any CPU
		{D2C4BF9E-CD93-423E-8622-BB1F4B4244D6}.Debug|Any CPU.Build.0 = Debug|Any CPU
		{D2C4BF9E-CD93-423E-8622-BB1F4B4244D6}.Release|Any CPU.ActiveCfg = Release|Any CPU
		{D2C4BF9E-CD93-423E-8622-BB1F4B4244D6}.Release|Any CPU.Build.0 = Release|Any CPU
	EndGlobalSection
	GlobalSection(SolutionProperties) = preSolution
		HideSolutionNode = FALSE
	EndGlobalSection
	GlobalSection(ExtensibilityGlobals) = postSolution
		SolutionGuid = {125CA292-C0D0-48D3-95A1-081CC2B49730}
	EndGlobalSection
EndGlobal
